
Microsoft Visual Studio Solution File, Format Version 12.00
# Visual Studio 15
VisualStudioVersion = 15.0.27703.2018
MinimumVisualStudioVersion = 10.0.40219.1
Project("{FAE04EC0-301F-11D3-BF4B-00C04F79EFBC}") = "RWS.Yatzy.UI", "RWS.Yatzy.UI\RWS.Yatzy.UI.csproj", "{61C2F674-6142-4C69-8E76-624D488A4387}"
EndProject
Project("{FAE04EC0-301F-11D3-BF4B-00C04F79EFBC}") = "RWS.Yatzy.Logik", "RWS.Yatzy.Logik\RWS.Yatzy.Logik.csproj", "{DF374269-5FEF-4530-8A0D-AC9D847A5E60}"
EndProject
Global
	GlobalSection(SolutionConfigurationPlatforms) = preSolution
		Debug|Any CPU = Debug|Any CPU
		Release|Any CPU = Release|Any CPU
	EndGlobalSection
	GlobalSection(ProjectConfigurationPlatforms) = postSolution
		{61C2F674-6142-4C69-8E76-624D488A4387}.Debug|Any CPU.ActiveCfg = Debug|Any CPU
		{61C2F674-6142-4C69-8E76-624D488A4387}.Debug|Any CPU.Build.0 = Debug|Any CPU
		{61C2F674-6142-4C69-8E76-624D488A4387}.Release|Any CPU.ActiveCfg = Release|Any CPU
		{61C2F674-6142-4C69-8E76-624D488A4387}.Release|Any CPU.Build.0 = Release|Any CPU
		{DF374269-5FEF-4530-8A0D-AC9D847A5E60}.Debug|Any CPU.ActiveCfg = Debug|Any CPU
		{DF374269-5FEF-4530-8A0D-AC9D847A5E60}.Debug|Any CPU.Build.0 = Debug|Any CPU
		{DF374269-5FEF-4530-8A0D-AC9D847A5E60}.Release|Any CPU.ActiveCfg = Release|Any CPU
		{DF374269-5FEF-4530-8A0D-AC9D847A5E60}.Release|Any CPU.Build.0 = Release|Any CPU
	EndGlobalSection
	GlobalSection(SolutionProperties) = preSolution
		HideSolutionNode = FALSE
	EndGlobalSection
	GlobalSection(ExtensibilityGlobals) = postSolution
		SolutionGuid = {8A95943A-1CFA-48DB-9793-CAB2A55487EE}
	EndGlobalSection
EndGlobal
